
Microsoft Visual Studio Solution File, Format Version 12.00
# Visual Studio 15
VisualStudioVersion = 15.0.28010.2048
MinimumVisualStudioVersion = 10.0.40219.1
Project("{FAE04EC0-301F-11D3-BF4B-00C04F79EFBC}") = "MasterMindGuiClient", "MasterMindGuiClient\MasterMindGuiClient.csproj", "{9AAF99DF-50E2-4C19-AB16-DD4BC3E2ED68}"
EndProject
Project("{FAE04EC0-301F-11D3-BF4B-00C04F79EFBC}") = "MasterMindLibrary", "MasterMindLibrary\MasterMindLibrary.csproj", "{9BC4A342-CC18-416F-89E4-EE6626E67637}"
EndProject
Project("{FAE04EC0-301F-11D3-BF4B-00C04F79EFBC}") = "MasterMindServiceHost", "MasterMindServiceHost\MasterMindServiceHost.csproj", "{C2EAF915-D25B-456F-8B8E-946453963940}"
EndProject
Global
	GlobalSection(SolutionConfigurationPlatforms) = preSolution
		Debug|Any CPU = Debug|Any CPU
		Release|Any CPU = Release|Any CPU
	EndGlobalSection
	GlobalSection(ProjectConfigurationPlatforms) = postSolution
		{9AAF99DF-50E2-4C19-AB16-DD4BC3E2ED68}.Debug|Any CPU.ActiveCfg = Debug|Any CPU
		{9AAF99DF-50E2-4C19-AB16-DD4BC3E2ED68}.Debug|Any CPU.Build.0 = Debug|Any CPU
		{9AAF99DF-50E2-4C19-AB16-DD4BC3E2ED68}.Release|Any CPU.ActiveCfg = Release|Any CPU
		{9AAF99DF-50E2-4C19-AB16-DD4BC3E2ED68}.Release|Any CPU.Build.0 = Release|Any CPU
		{9BC4A342-CC18-416F-89E4-EE6626E67637}.Debug|Any CPU.ActiveCfg = Debug|Any CPU
		{9BC4A342-CC18-416F-89E4-EE6626E67637}.Debug|Any CPU.Build.0 = Debug|Any CPU
		{9BC4A342-CC18-416F-89E4-EE6626E67637}.Release|Any CPU.ActiveCfg = Release|Any CPU
		{9BC4A342-CC18-416F-89E4-EE6626E67637}.Release|Any CPU.Build.0 = Release|Any CPU
		{C2EAF915-D25B-456F-8B8E-946453963940}.Debug|Any CPU.ActiveCfg = Debug|Any CPU
		{C2EAF915-D25B-456F-8B8E-946453963940}.Debug|Any CPU.Build.0 = Debug|Any CPU
		{C2EAF915-D25B-456F-8B8E-946453963940}.Release|Any CPU.ActiveCfg = Release|Any CPU
		{C2EAF915-D25B-456F-8B8E-946453963940}.Release|Any CPU.Build.0 = Release|Any CPU
	EndGlobalSection
	GlobalSection(SolutionProperties) = preSolution
		HideSolutionNode = FALSE
	EndGlobalSection
	GlobalSection(ExtensibilityGlobals) = postSolution
		SolutionGuid = {E4FED46E-88F6-4A5A-8E76-985E6DAF352D}
	EndGlobalSection
EndGlobal
